
Microsoft Visual Studio Solution File, Format Version 12.00
# Visual Studio Version 16
VisualStudioVersion = 16.0.31112.23
MinimumVisualStudioVersion = 10.0.40219.1
Project("{FAE04EC0-301F-11D3-BF4B-00C04F79EFBC}") = "CKNET_QLSP", "CKNET_QLSP\CKNET_QLSP.csproj", "{3A71B0F1-951D-48E7-9B86-D294CEA29C9C}"
EndProject
Global
	GlobalSection(SolutionConfigurationPlatforms) = preSolution
		Debug|Any CPU = Debug|Any CPU
		Release|Any CPU = Release|Any CPU
	EndGlobalSection
	GlobalSection(ProjectConfigurationPlatforms) = postSolution
		{3A71B0F1-951D-48E7-9B86-D294CEA29C9C}.Debug|Any CPU.ActiveCfg = Debug|Any CPU
		{3A71B0F1-951D-48E7-9B86-D294CEA29C9C}.Debug|Any CPU.Build.0 = Debug|Any CPU
		{3A71B0F1-951D-48E7-9B86-D294CEA29C9C}.Release|Any CPU.ActiveCfg = Release|Any CPU
		{3A71B0F1-951D-48E7-9B86-D294CEA29C9C}.Release|Any CPU.Build.0 = Release|Any CPU
	EndGlobalSection
	GlobalSection(SolutionProperties) = preSolution
		HideSolutionNode = FALSE
	EndGlobalSection
	GlobalSection(ExtensibilityGlobals) = postSolution
		SolutionGuid = {F10E1C4F-2EAF-472E-AA40-AEA8BD1A04A9}
	EndGlobalSection
EndGlobal
